{
  "name": "floris-edgeone-makers",
  "version": "5.1.0",
  "lockfileVersion": 3,
  "requires": true,
  "packages": {
    "": {
      "name": "floris-edgeone-makers",
      "version": "5.1.0",
      "dependencies": {
        "@edgeone/pages-blob": "^0.0.14"
      }
    },
    "node_modules/@edgeone/pages-blob": {
      "version": "0.0.14",
      "resolved": "https://registry.npmjs.org/@edgeone/pages-blob/-/pages-blob-0.0.14.tgz",
      "integrity": "sha512-u4zSac1JKhhrWiYSbqWm4zw8Uo3b+nruz2rBcgxEdWaCIvyLQzcSJVBN3OVVe2QeqS4olXqrifoYsYRD9sXOEA==",
      "license": "MIT",
      "engines": {
        "node": ">=18.0.0"
      }
    }
  }
}
